
Microsoft Visual Studio Solution File, Format Version 12.00
# Visual Studio Version 17
VisualStudioVersion = 17.3.32929.385
MinimumVisualStudioVersion = 10.0.40219.1
Project("{888888A0-9F3D-457C-B088-3A5042F75D52}") = "TarefaPythonSendEmail", "TarefaPythonSendEmail\TarefaPythonSendEmail.pyproj", "{D95649E3-FD3E-46B7-985E-7FDEA4A7D4DB}"
EndProject
Global
	GlobalSection(SolutionConfigurationPlatforms) = preSolution
		Debug|Any CPU = Debug|Any CPU
		Release|Any CPU = Release|Any CPU
	EndGlobalSection
	GlobalSection(ProjectConfigurationPlatforms) = postSolution
		{D95649E3-FD3E-46B7-985E-7FDEA4A7D4DB}.Debug|Any CPU.ActiveCfg = Debug|Any CPU
		{D95649E3-FD3E-46B7-985E-7FDEA4A7D4DB}.Release|Any CPU.ActiveCfg = Release|Any CPU
	EndGlobalSection
	GlobalSection(SolutionProperties) = preSolution
		HideSolutionNode = FALSE
	EndGlobalSection
	GlobalSection(ExtensibilityGlobals) = postSolution
		SolutionGuid = {C3D9E411-597D-455C-8A8A-B870F36F28A6}
	EndGlobalSection
EndGlobal
